// !$*UTF8*$!
{
	archiveVersion = 1;
	classes = {
	};
	objectVersion = 50;
	objects = {

/* Begin PBXBuildFile section */
		081EBBC6254F4B6E009BB667 /* AppDelegate.swift in Sources */ = {isa = PBXBuildFile; fileRef = 081EBBC5254F4B6E009BB667 /* AppDelegate.swift */; };
		081EBBC8254F4B6E009BB667 /* ContentView.swift in Sources */ = {isa = PBXBuildFile; fileRef = 081EBBC7254F4B6E009BB667 /* ContentView.swift */; };
		081EBBCA254F4B71009BB667 /* Assets.xcassets in Resources */ = {isa = PBXBuildFile; fileRef = 081EBBC9254F4B71009BB667 /* Assets.xcassets */; };
		081EBBCD254F4B71009BB667 /* Preview Assets.xcassets in Resources */ = {isa = PBXBuildFile; fileRef = 081EBBCC254F4B71009BB667 /* Preview Assets.xcassets */; };
		081EBBD0254F4B71009BB667 /* Main.storyboard in Resources */ = {isa = PBXBuildFile; fileRef = 081EBBCE254F4B71009BB667 /* Main.storyboard */; };
		081EBBDA254F4C8F009BB667 /* AlertView.swift in Sources */ = {isa = PBXBuildFile; fileRef = 081EBBD9254F4C8F009BB667 /* AlertView.swift */; };
		081EBBDD254F4CAB009BB667 /* StampView.swift in Sources */ = {isa = PBXBuildFile; fileRef = 081EBBDC254F4CAB009BB667 /* StampView.swift */; };
		081EBBE1254F5042009BB667 /* APIMachine.swift in Sources */ = {isa = PBXBuildFile; fileRef = 081EBBE0254F5042009BB667 /* APIMachine.swift */; };
		081EBBE4254F5064009BB667 /* APIMachineSecret.swift in Sources */ = {isa = PBXBuildFile; fileRef = 081EBBE3254F5064009BB667 /* APIMachineSecret.swift */; };
		084780BA2559C6EE00A06C67 /* AlertMachine.swift in Sources */ = {isa = PBXBuildFile; fileRef = 084780B92559C6EE00A06C67 /* AlertMachine.swift */; };
		084780BD2559D7B000A06C67 /* AlertDetailView.swift in Sources */ = {isa = PBXBuildFile; fileRef = 084780BC2559D7B000A06C67 /* AlertDetailView.swift */; };
		0885AC97255AF4AF00AB401D /* PreferencesVC.swift in Sources */ = {isa = PBXBuildFile; fileRef = 0885AC96255AF4AF00AB401D /* PreferencesVC.swift */; };
		088E59E4255E3C1300B4D0B0 /* WidgetKit.framework in Frameworks */ = {isa = PBXBuildFile; fileRef = 088E59E3255E3C1300B4D0B0 /* WidgetKit.framework */; };
		088E59E6255E3C1300B4D0B0 /* SwiftUI.framework in Frameworks */ = {isa = PBXBuildFile; fileRef = 088E59E5255E3C1300B4D0B0 /* SwiftUI.framework */; };
		088E59E9255E3C1300B4D0B0 /* Alert_Widget.swift in Sources */ = {isa = PBXBuildFile; fileRef = 088E59E8255E3C1300B4D0B0 /* Alert_Widget.swift */; };
		088E59EC255E3C1600B4D0B0 /* Assets.xcassets in Resources */ = {isa = PBXBuildFile; fileRef = 088E59EB255E3C1600B4D0B0 /* Assets.xcassets */; };
		088E59EF255E3C1600B4D0B0 /* Alert_Widget.intentdefinition in Sources */ = {isa = PBXBuildFile; fileRef = 088E59EA255E3C1300B4D0B0 /* Alert_Widget.intentdefinition */; };
		088E59F0255E3C1600B4D0B0 /* Alert_Widget.intentdefinition in Sources */ = {isa = PBXBuildFile; fileRef = 088E59EA255E3C1300B4D0B0 /* Alert_Widget.intentdefinition */; };
		088E59F3255E3C1600B4D0B0 /* Alert WidgetExtension.appex in Embed App Extensions */ = {isa = PBXBuildFile; fileRef = 088E59E1255E3C1300B4D0B0 /* Alert WidgetExtension.appex */; settings = {ATTRIBUTES = (RemoveHeadersOnCopy, ); }; };
		088E59FA255E3C4E00B4D0B0 /* APIMachine.swift in Sources */ = {isa = PBXBuildFile; fileRef = 081EBBE0254F5042009BB667 /* APIMachine.swift */; };
		088E59FD255E3C5100B4D0B0 /* APIMachineSecret.swift in Sources */ = {isa = PBXBuildFile; fileRef = 081EBBE3254F5064009BB667 /* APIMachineSecret.swift */; };
/* End PBXBuildFile section */

/* Begin PBXContainerItemProxy section */
		088E59F1255E3C1600B4D0B0 /* PBXContainerItemProxy */ = {
			isa = PBXContainerItemProxy;
			containerPortal = 081EBBBA254F4B6E009BB667 /* Project object */;
			proxyType = 1;
			remoteGlobalIDString = 088E59E0255E3C1300B4D0B0;
			remoteInfo = "Alert WidgetExtension";
		};
/* End PBXContainerItemProxy section */

/* Begin PBXCopyFilesBuildPhase section */
		088E59F7255E3C1600B4D0B0 /* Embed App Extensions */ = {
			isa = PBXCopyFilesBuildPhase;
			buildActionMask = 2147483647;
			dstPath = "";
			dstSubfolderSpec = 13;
			files = (
				088E59F3255E3C1600B4D0B0 /* Alert WidgetExtension.appex in Embed App Extensions */,
			);
			name = "Embed App Extensions";
			runOnlyForDeploymentPostprocessing = 0;
		};
/* End PBXCopyFilesBuildPhase section */

/* Begin PBXFileReference section */
		081EBBC2254F4B6E009BB667 /* Fish Camp.app */ = {isa = PBXFileReference; explicitFileType = wrapper.application; includeInIndex = 0; path = "Fish Camp.app"; sourceTree = BUILT_PRODUCTS_DIR; };
		081EBBC5254F4B6E009BB667 /* AppDelegate.swift */ = {isa = PBXFileReference; lastKnownFileType = sourcecode.swift; path = AppDelegate.swift; sourceTree = "<group>"; };
		081EBBC7254F4B6E009BB667 /* ContentView.swift */ = {isa = PBXFileReference; lastKnownFileType = sourcecode.swift; path = ContentView.swift; sourceTree = "<group>"; };
		081EBBC9254F4B71009BB667 /* Assets.xcassets */ = {isa = PBXFileReference; lastKnownFileType = folder.assetcatalog; path = Assets.xcassets; sourceTree = "<group>"; };
		081EBBCC254F4B71009BB667 /* Preview Assets.xcassets */ = {isa = PBXFileReference; lastKnownFileType = folder.assetcatalog; path = "Preview Assets.xcassets"; sourceTree = "<group>"; };
		081EBBCF254F4B71009BB667 /* Base */ = {isa = PBXFileReference; lastKnownFileType = file.storyboard; name = Base; path = Base.lproj/Main.storyboard; sourceTree = "<group>"; };
		081EBBD1254F4B71009BB667 /* Info.plist */ = {isa = PBXFileReference; lastKnownFileType = text.plist.xml; path = Info.plist; sourceTree = "<group>"; };
		081EBBD2254F4B71009BB667 /* fishcamp.entitlements */ = {isa = PBXFileReference; lastKnownFileType = text.plist.entitlements; path = fishcamp.entitlements; sourceTree = "<group>"; };
		081EBBD9254F4C8F009BB667 /* AlertView.swift */ = {isa = PBXFileReference; lastKnownFileType = sourcecode.swift; path = AlertView.swift; sourceTree = "<group>"; };
		081EBBDC254F4CAB009BB667 /* StampView.swift */ = {isa = PBXFileReference; lastKnownFileType = sourcecode.swift; path = StampView.swift; sourceTree = "<group>"; };
		081EBBE0254F5042009BB667 /* APIMachine.swift */ = {isa = PBXFileReference; lastKnownFileType = sourcecode.swift; path = APIMachine.swift; sourceTree = "<group>"; };
		081EBBE3254F5064009BB667 /* APIMachineSecret.swift */ = {isa = PBXFileReference; lastKnownFileType = sourcecode.swift; path = APIMachineSecret.swift; sourceTree = "<group>"; };
		084780B92559C6EE00A06C67 /* AlertMachine.swift */ = {isa = PBXFileReference; lastKnownFileType = sourcecode.swift; path = AlertMachine.swift; sourceTree = "<group>"; };
		084780BC2559D7B000A06C67 /* AlertDetailView.swift */ = {isa = PBXFileReference; lastKnownFileType = sourcecode.swift; path = AlertDetailView.swift; sourceTree = "<group>"; };
		0885AC96255AF4AF00AB401D /* PreferencesVC.swift */ = {isa = PBXFileReference; lastKnownFileType = sourcecode.swift; path = PreferencesVC.swift; sourceTree = "<group>"; };
		088E59E1255E3C1300B4D0B0 /* Alert WidgetExtension.appex */ = {isa = PBXFileReference; explicitFileType = "wrapper.app-extension"; includeInIndex = 0; path = "Alert WidgetExtension.appex"; sourceTree = BUILT_PRODUCTS_DIR; };
		088E59E3255E3C1300B4D0B0 /* WidgetKit.framework */ = {isa = PBXFileReference; lastKnownFileType = wrapper.framework; name = WidgetKit.framework; path = System/Library/Frameworks/WidgetKit.framework; sourceTree = SDKROOT; };
		088E59E5255E3C1300B4D0B0 /* SwiftUI.framework */ = {isa = PBXFileReference; lastKnownFileType = wrapper.framework; name = SwiftUI.framework; path = System/Library/Frameworks/SwiftUI.framework; sourceTree = SDKROOT; };
		088E59E8255E3C1300B4D0B0 /* Alert_Widget.swift */ = {isa = PBXFileReference; lastKnownFileType = sourcecode.swift; path = Alert_Widget.swift; sourceTree = "<group>"; };
		088E59EA255E3C1300B4D0B0 /* Alert_Widget.intentdefinition */ = {isa = PBXFileReference; lastKnownFileType = file.intentdefinition; path = Alert_Widget.intentdefinition; sourceTree = "<group>"; };
		088E59EB255E3C1600B4D0B0 /* Assets.xcassets */ = {isa = PBXFileReference; lastKnownFileType = folder.assetcatalog; path = Assets.xcassets; sourceTree = "<group>"; };
		088E59ED255E3C1600B4D0B0 /* Info.plist */ = {isa = PBXFileReference; lastKnownFileType = text.plist.xml; path = Info.plist; sourceTree = "<group>"; };
		088E59EE255E3C1600B4D0B0 /* Alert_Widget.entitlements */ = {isa = PBXFileReference; lastKnownFileType = text.plist.entitlements; path = Alert_Widget.entitlements; sourceTree = "<group>"; };
/* End PBXFileReference section */

/* Begin PBXFrameworksBuildPhase section */
		081EBBBF254F4B6E009BB667 /* Frameworks */ = {
			isa = PBXFrameworksBuildPhase;
			buildActionMask = 2147483647;
			files = (
			);
			runOnlyForDeploymentPostprocessing = 0;
		};
		088E59DE255E3C1300B4D0B0 /* Frameworks */ = {
			isa = PBXFrameworksBuildPhase;
			buildActionMask = 2147483647;
			files = (
				088E59E6255E3C1300B4D0B0 /* SwiftUI.framework in Frameworks */,
				088E59E4255E3C1300B4D0B0 /* WidgetKit.framework in Frameworks */,
			);
			runOnlyForDeploymentPostprocessing = 0;
		};
/* End PBXFrameworksBuildPhase section */

/* Begin PBXGroup section */
		081EBBB9254F4B6E009BB667 = {
			isa = PBXGroup;
			children = (
				081EBBC4254F4B6E009BB667 /* fishcamp */,
				088E59E7255E3C1300B4D0B0 /* Alert Widget */,
				088E59E2255E3C1300B4D0B0 /* Frameworks */,
				081EBBC3254F4B6E009BB667 /* Products */,
			);
			sourceTree = "<group>";
		};
		081EBBC3254F4B6E009BB667 /* Products */ = {
			isa = PBXGroup;
			children = (
				081EBBC2254F4B6E009BB667 /* Fish Camp.app */,
				088E59E1255E3C1300B4D0B0 /* Alert WidgetExtension.appex */,
			);
			name = Products;
			sourceTree = "<group>";
		};
		081EBBC4254F4B6E009BB667 /* fishcamp */ = {
			isa = PBXGroup;
			children = (
				081EBBC5254F4B6E009BB667 /* AppDelegate.swift */,
				0885AC96255AF4AF00AB401D /* PreferencesVC.swift */,
				081EBBC7254F4B6E009BB667 /* ContentView.swift */,
				081EBBD9254F4C8F009BB667 /* AlertView.swift */,
				084780B92559C6EE00A06C67 /* AlertMachine.swift */,
				084780BC2559D7B000A06C67 /* AlertDetailView.swift */,
				081EBBDC254F4CAB009BB667 /* StampView.swift */,
				081EBBE0254F5042009BB667 /* APIMachine.swift */,
				081EBBE3254F5064009BB667 /* APIMachineSecret.swift */,
				081EBBC9254F4B71009BB667 /* Assets.xcassets */,
				081EBBCE254F4B71009BB667 /* Main.storyboard */,
				081EBBD1254F4B71009BB667 /* Info.plist */,
				081EBBD2254F4B71009BB667 /* fishcamp.entitlements */,
				081EBBCB254F4B71009BB667 /* Preview Content */,
			);
			path = fishcamp;
			sourceTree = "<group>";
		};
		081EBBCB254F4B71009BB667 /* Preview Content */ = {
			isa = PBXGroup;
			children = (
				081EBBCC254F4B71009BB667 /* Preview Assets.xcassets */,
			);
			path = "Preview Content";
			sourceTree = "<group>";
		};
		088E59E2255E3C1300B4D0B0 /* Frameworks */ = {
			isa = PBXGroup;
			children = (
				088E59E3255E3C1300B4D0B0 /* WidgetKit.framework */,
				088E59E5255E3C1300B4D0B0 /* SwiftUI.framework */,
			);
			name = Frameworks;
			sourceTree = "<group>";
		};
		088E59E7255E3C1300B4D0B0 /* Alert Widget */ = {
			isa = PBXGroup;
			children = (
				088E59E8255E3C1300B4D0B0 /* Alert_Widget.swift */,
				088E59EA255E3C1300B4D0B0 /* Alert_Widget.intentdefinition */,
				088E59EB255E3C1600B4D0B0 /* Assets.xcassets */,
				088E59ED255E3C1600B4D0B0 /* Info.plist */,
				088E59EE255E3C1600B4D0B0 /* Alert_Widget.entitlements */,
			);
			path = "Alert Widget";
			sourceTree = "<group>";
		};
/* End PBXGroup section */

/* Begin PBXNativeTarget section */
		081EBBC1254F4B6E009BB667 /* fishcamp */ = {
			isa = PBXNativeTarget;
			buildConfigurationList = 081EBBD5254F4B71009BB667 /* Build configuration list for PBXNativeTarget "fishcamp" */;
			buildPhases = (
				081EBBBE254F4B6E009BB667 /* Sources */,
				081EBBBF254F4B6E009BB667 /* Frameworks */,
				081EBBC0254F4B6E009BB667 /* Resources */,
				088E59F7255E3C1600B4D0B0 /* Embed App Extensions */,
			);
			buildRules = (
			);
			dependencies = (
				088E59F2255E3C1600B4D0B0 /* PBXTargetDependency */,
			);
			name = fishcamp;
			productName = fishcamp;
			productReference = 081EBBC2254F4B6E009BB667 /* Fish Camp.app */;
			productType = "com.apple.product-type.application";
		};
		088E59E0255E3C1300B4D0B0 /* Alert WidgetExtension */ = {
			isa = PBXNativeTarget;
			buildConfigurationList = 088E59F4255E3C1600B4D0B0 /* Build configuration list for PBXNativeTarget "Alert WidgetExtension" */;
			buildPhases = (
				088E59DD255E3C1300B4D0B0 /* Sources */,
				088E59DE255E3C1300B4D0B0 /* Frameworks */,
				088E59DF255E3C1300B4D0B0 /* Resources */,
			);
			buildRules = (
			);
			dependencies = (
			);
			name = "Alert WidgetExtension";
			productName = "Alert WidgetExtension";
			productReference = 088E59E1255E3C1300B4D0B0 /* Alert WidgetExtension.appex */;
			productType = "com.apple.product-type.app-extension";
		};
/* End PBXNativeTarget section */

/* Begin PBXProject section */
		081EBBBA254F4B6E009BB667 /* Project object */ = {
			isa = PBXProject;
			attributes = {
				LastSwiftUpdateCheck = 1220;
				LastUpgradeCheck = 1210;
				TargetAttributes = {
					081EBBC1254F4B6E009BB667 = {
						CreatedOnToolsVersion = 12.1;
					};
					088E59E0255E3C1300B4D0B0 = {
						CreatedOnToolsVersion = 12.2;
					};
				};
			};
			buildConfigurationList = 081EBBBD254F4B6E009BB667 /* Build configuration list for PBXProject "fishcamp" */;
			compatibilityVersion = "Xcode 9.3";
			developmentRegion = en;
			hasScannedForEncodings = 0;
			knownRegions = (
				en,
				Base,
			);
			mainGroup = 081EBBB9254F4B6E009BB667;
			productRefGroup = 081EBBC3254F4B6E009BB667 /* Products */;
			projectDirPath = "";
			projectRoot = "";
			targets = (
				081EBBC1254F4B6E009BB667 /* fishcamp */,
				088E59E0255E3C1300B4D0B0 /* Alert WidgetExtension */,
			);
		};
/* End PBXProject section */

/* Begin PBXResourcesBuildPhase section */
		081EBBC0254F4B6E009BB667 /* Resources */ = {
			isa = PBXResourcesBuildPhase;
			buildActionMask = 2147483647;
			files = (
				081EBBD0254F4B71009BB667 /* Main.storyboard in Resources */,
				081EBBCD254F4B71009BB667 /* Preview Assets.xcassets in Resources */,
				081EBBCA254F4B71009BB667 /* Assets.xcassets in Resources */,
			);
			runOnlyForDeploymentPostprocessing = 0;
		};
		088E59DF255E3C1300B4D0B0 /* Resources */ = {
			isa = PBXResourcesBuildPhase;
			buildActionMask = 2147483647;
			files = (
				088E59EC255E3C1600B4D0B0 /* Assets.xcassets in Resources */,
			);
			runOnlyForDeploymentPostprocessing = 0;
		};
/* End PBXResourcesBuildPhase section */

/* Begin PBXSourcesBuildPhase section */
		081EBBBE254F4B6E009BB667 /* Sources */ = {
			isa = PBXSourcesBuildPhase;
			buildActionMask = 2147483647;
			files = (
				081EBBE1254F5042009BB667 /* APIMachine.swift in Sources */,
				081EBBC8254F4B6E009BB667 /* ContentView.swift in Sources */,
				084780BA2559C6EE00A06C67 /* AlertMachine.swift in Sources */,
				088E59F0255E3C1600B4D0B0 /* Alert_Widget.intentdefinition in Sources */,
				081EBBC6254F4B6E009BB667 /* AppDelegate.swift in Sources */,
				0885AC97255AF4AF00AB401D /* PreferencesVC.swift in Sources */,
				081EBBDD254F4CAB009BB667 /* StampView.swift in Sources */,
				081EBBE4254F5064009BB667 /* APIMachineSecret.swift in Sources */,
				084780BD2559D7B000A06C67 /* AlertDetailView.swift in Sources */,
				081EBBDA254F4C8F009BB667 /* AlertView.swift in Sources */,
			);
			runOnlyForDeploymentPostprocessing = 0;
		};
		088E59DD255E3C1300B4D0B0 /* Sources */ = {
			isa = PBXSourcesBuildPhase;
			buildActionMask = 2147483647;
			files = (
				088E59E9255E3C1300B4D0B0 /* Alert_Widget.swift in Sources */,
				088E59FA255E3C4E00B4D0B0 /* APIMachine.swift in Sources */,
				088E59FD255E3C5100B4D0B0 /* APIMachineSecret.swift in Sources */,
				088E59EF255E3C1600B4D0B0 /* Alert_Widget.intentdefinition in Sources */,
			);
			runOnlyForDeploymentPostprocessing = 0;
		};
/* End PBXSourcesBuildPhase section */

/* Begin PBXTargetDependency section */
		088E59F2255E3C1600B4D0B0 /* PBXTargetDependency */ = {
			isa = PBXTargetDependency;
			target = 088E59E0255E3C1300B4D0B0 /* Alert WidgetExtension */;
			targetProxy = 088E59F1255E3C1600B4D0B0 /* PBXContainerItemProxy */;
		};
/* End PBXTargetDependency section */

/* Begin PBXVariantGroup section */
		081EBBCE254F4B71009BB667 /* Main.storyboard */ = {
			isa = PBXVariantGroup;
			children = (
				081EBBCF254F4B71009BB667 /* Base */,
			);
			name = Main.storyboard;
			sourceTree = "<group>";
		};
/* End PBXVariantGroup section */

/* Begin XCBuildConfiguration section */
		081EBBD3254F4B71009BB667 /* Debug */ = {
			isa = XCBuildConfiguration;
			buildSettings = {
				ALWAYS_SEARCH_USER_PATHS = NO;
				CLANG_ANALYZER_NONNULL = YES;
				CLANG_ANALYZER_NUMBER_OBJECT_CONVERSION = YES_AGGRESSIVE;
				CLANG_CXX_LANGUAGE_STANDARD = "gnu++14";
				CLANG_CXX_LIBRARY = "libc++";
				CLANG_ENABLE_MODULES = YES;
				CLANG_ENABLE_OBJC_ARC = YES;
				CLANG_ENABLE_OBJC_WEAK = YES;
				CLANG_WARN_BLOCK_CAPTURE_AUTORELEASING = YES;
				CLANG_WARN_BOOL_CONVERSION = YES;
				CLANG_WARN_COMMA = YES;
				CLANG_WARN_CONSTANT_CONVERSION = YES;
				CLANG_WARN_DEPRECATED_OBJC_IMPLEMENTATIONS = YES;
				CLANG_WARN_DIRECT_OBJC_ISA_USAGE = YES_ERROR;
				CLANG_WARN_DOCUMENTATION_COMMENTS = YES;
				CLANG_WARN_EMPTY_BODY = YES;
				CLANG_WARN_ENUM_CONVERSION = YES;
				CLANG_WARN_INFINITE_RECURSION = YES;
				CLANG_WARN_INT_CONVERSION = YES;
				CLANG_WARN_NON_LITERAL_NULL_CONVERSION = YES;
				CLANG_WARN_OBJC_IMPLICIT_RETAIN_SELF = YES;
				CLANG_WARN_OBJC_LITERAL_CONVERSION = YES;
				CLANG_WARN_OBJC_ROOT_CLASS = YES_ERROR;
				CLANG_WARN_QUOTED_INCLUDE_IN_FRAMEWORK_HEADER = YES;
				CLANG_WARN_RANGE_LOOP_ANALYSIS = YES;
				CLANG_WARN_STRICT_PROTOTYPES = YES;
				CLANG_WARN_SUSPICIOUS_MOVE = YES;
				CLANG_WARN_UNGUARDED_AVAILABILITY = YES_AGGRESSIVE;
				CLANG_WARN_UNREACHABLE_CODE = YES;
				CLANG_WARN__DUPLICATE_METHOD_MATCH = YES;
				COPY_PHASE_STRIP = NO;
				DEBUG_INFORMATION_FORMAT = dwarf;
				ENABLE_STRICT_OBJC_MSGSEND = YES;
				ENABLE_TESTABILITY = YES;
				GCC_C_LANGUAGE_STANDARD = gnu11;
				GCC_DYNAMIC_NO_PIC = NO;
				GCC_NO_COMMON_BLOCKS = YES;
				GCC_OPTIMIZATION_LEVEL = 0;
				GCC_PREPROCESSOR_DEFINITIONS = (
					"DEBUG=1",
					"$(inherited)",
				);
				GCC_WARN_64_TO_32_BIT_CONVERSION = YES;
				GCC_WARN_ABOUT_RETURN_TYPE = YES_ERROR;
				GCC_WARN_UNDECLARED_SELECTOR = YES;
				GCC_WARN_UNINITIALIZED_AUTOS = YES_AGGRESSIVE;
				GCC_WARN_UNUSED_FUNCTION = YES;
				GCC_WARN_UNUSED_VARIABLE = YES;
				MACOSX_DEPLOYMENT_TARGET = 10.15;
				MTL_ENABLE_DEBUG_INFO = INCLUDE_SOURCE;
				MTL_FAST_MATH = YES;
				ONLY_ACTIVE_ARCH = YES;
				SDKROOT = macosx;
				SWIFT_ACTIVE_COMPILATION_CONDITIONS = DEBUG;
				SWIFT_OPTIMIZATION_LEVEL = "-Onone";
			};
			name = Debug;
		};
		081EBBD4254F4B71009BB667 /* Release */ = {
			isa = XCBuildConfiguration;
			buildSettings = {
				ALWAYS_SEARCH_USER_PATHS = NO;
				CLANG_ANALYZER_NONNULL = YES;
				CLANG_ANALYZER_NUMBER_OBJECT_CONVERSION = YES_AGGRESSIVE;
				CLANG_CXX_LANGUAGE_STANDARD = "gnu++14";
				CLANG_CXX_LIBRARY = "libc++";
				CLANG_ENABLE_MODULES = YES;
				CLANG_ENABLE_OBJC_ARC = YES;
				CLANG_ENABLE_OBJC_WEAK = YES;
				CLANG_WARN_BLOCK_CAPTURE_AUTORELEASING = YES;
				CLANG_WARN_BOOL_CONVERSION = YES;
				CLANG_WARN_COMMA = YES;
				CLANG_WARN_CONSTANT_CONVERSION = YES;
				CLANG_WARN_DEPRECATED_OBJC_IMPLEMENTATIONS = YES;
				CLANG_WARN_DIRECT_OBJC_ISA_USAGE = YES_ERROR;
				CLANG_WARN_DOCUMENTATION_COMMENTS = YES;
				CLANG_WARN_EMPTY_BODY = YES;
				CLANG_WARN_ENUM_CONVERSION = YES;
				CLANG_WARN_INFINITE_RECURSION = YES;
				CLANG_WARN_INT_CONVERSION = YES;
				CLANG_WARN_NON_LITERAL_NULL_CONVERSION = YES;
				CLANG_WARN_OBJC_IMPLICIT_RETAIN_SELF = YES;
				CLANG_WARN_OBJC_LITERAL_CONVERSION = YES;
				CLANG_WARN_OBJC_ROOT_CLASS = YES_ERROR;
				CLANG_WARN_QUOTED_INCLUDE_IN_FRAMEWORK_HEADER = YES;
				CLANG_WARN_RANGE_LOOP_ANALYSIS = YES;
				CLANG_WARN_STRICT_PROTOTYPES = YES;
				CLANG_WARN_SUSPICIOUS_MOVE = YES;
				CLANG_WARN_UNGUARDED_AVAILABILITY = YES_AGGRESSIVE;
				CLANG_WARN_UNREACHABLE_CODE = YES;
				CLANG_WARN__DUPLICATE_METHOD_MATCH = YES;
				COPY_PHASE_STRIP = NO;
				DEBUG_INFORMATION_FORMAT = "dwarf-with-dsym";
				ENABLE_NS_ASSERTIONS = NO;
				ENABLE_STRICT_OBJC_MSGSEND = YES;
				GCC_C_LANGUAGE_STANDARD = gnu11;
				GCC_NO_COMMON_BLOCKS = YES;
				GCC_WARN_64_TO_32_BIT_CONVERSION = YES;
				GCC_WARN_ABOUT_RETURN_TYPE = YES_ERROR;
				GCC_WARN_UNDECLARED_SELECTOR = YES;
				GCC_WARN_UNINITIALIZED_AUTOS = YES_AGGRESSIVE;
				GCC_WARN_UNUSED_FUNCTION = YES;
				GCC_WARN_UNUSED_VARIABLE = YES;
				MACOSX_DEPLOYMENT_TARGET = 10.15;
				MTL_ENABLE_DEBUG_INFO = NO;
				MTL_FAST_MATH = YES;
				SDKROOT = macosx;
				SWIFT_COMPILATION_MODE = wholemodule;
				SWIFT_OPTIMIZATION_LEVEL = "-O";
			};
			name = Release;
		};
		081EBBD6254F4B71009BB667 /* Debug */ = {
			isa = XCBuildConfiguration;
			buildSettings = {
				ALWAYS_EMBED_SWIFT_STANDARD_LIBRARIES = YES;
				ASSETCATALOG_COMPILER_APPICON_NAME = AppIcon;
				ASSETCATALOG_COMPILER_GLOBAL_ACCENT_COLOR_NAME = AccentColor;
				CODE_SIGN_ENTITLEMENTS = fishcamp/fishcamp.entitlements;
				CODE_SIGN_STYLE = Automatic;
				COMBINE_HIDPI_IMAGES = YES;
				DEVELOPMENT_ASSET_PATHS = "\"fishcamp/Preview Content\"";
				DEVELOPMENT_TEAM = 3865YC2YEY;
				ENABLE_HARDENED_RUNTIME = YES;
				ENABLE_PREVIEWS = YES;
				INFOPLIST_FILE = fishcamp/Info.plist;
				LD_RUNPATH_SEARCH_PATHS = (
					"$(inherited)",
					"@executable_path/../Frameworks",
				);
				MACOSX_DEPLOYMENT_TARGET = 11.0;
				PRODUCT_BUNDLE_IDENTIFIER = com.alexanderrohrig.fishcamp;
				PRODUCT_NAME = "Fish Camp";
				SWIFT_VERSION = 5.0;
			};
			name = Debug;
		};
		081EBBD7254F4B71009BB667 /* Release */ = {
			isa = XCBuildConfiguration;
			buildSettings = {
				ALWAYS_EMBED_SWIFT_STANDARD_LIBRARIES = YES;
				ASSETCATALOG_COMPILER_APPICON_NAME = AppIcon;
				ASSETCATALOG_COMPILER_GLOBAL_ACCENT_COLOR_NAME = AccentColor;
				CODE_SIGN_ENTITLEMENTS = fishcamp/fishcamp.entitlements;
				CODE_SIGN_STYLE = Automatic;
				COMBINE_HIDPI_IMAGES = YES;
				DEVELOPMENT_ASSET_PATHS = "\"fishcamp/Preview Content\"";
				DEVELOPMENT_TEAM = 3865YC2YEY;
				ENABLE_HARDENED_RUNTIME = YES;
				ENABLE_PREVIEWS = YES;
				INFOPLIST_FILE = fishcamp/Info.plist;
				LD_RUNPATH_SEARCH_PATHS = (
					"$(inherited)",
					"@executable_path/../Frameworks",
				);
				MACOSX_DEPLOYMENT_TARGET = 11.0;
				PRODUCT_BUNDLE_IDENTIFIER = com.alexanderrohrig.fishcamp;
				PRODUCT_NAME = "Fish Camp";
				SWIFT_VERSION = 5.0;
			};
			name = Release;
		};
		088E59F5255E3C1600B4D0B0 /* Debug */ = {
			isa = XCBuildConfiguration;
			buildSettings = {
				ASSETCATALOG_COMPILER_GLOBAL_ACCENT_COLOR_NAME = AccentColor;
				ASSETCATALOG_COMPILER_WIDGET_BACKGROUND_COLOR_NAME = WidgetBackground;
				CODE_SIGN_ENTITLEMENTS = "Alert Widget/Alert_Widget.entitlements";
				CODE_SIGN_STYLE = Automatic;
				DEVELOPMENT_TEAM = 3865YC2YEY;
				ENABLE_HARDENED_RUNTIME = YES;
				INFOPLIST_FILE = "Alert Widget/Info.plist";
				LD_RUNPATH_SEARCH_PATHS = (
					"$(inherited)",
					"@executable_path/../Frameworks",
					"@executable_path/../../../../Frameworks",
				);
				MACOSX_DEPLOYMENT_TARGET = 11.0;
				PRODUCT_BUNDLE_IDENTIFIER = "com.alexanderrohrig.fishcamp.Alert-Widget";
				PRODUCT_NAME = "$(TARGET_NAME)";
				SKIP_INSTALL = YES;
				SWIFT_VERSION = 5.0;
			};
			name = Debug;
		};
		088E59F6255E3C1600B4D0B0 /* Release */ = {
			isa = XCBuildConfiguration;
			buildSettings = {
				ASSETCATALOG_COMPILER_GLOBAL_ACCENT_COLOR_NAME = AccentColor;
				ASSETCATALOG_COMPILER_WIDGET_BACKGROUND_COLOR_NAME = WidgetBackground;
				CODE_SIGN_ENTITLEMENTS = "Alert Widget/Alert_Widget.entitlements";
				CODE_SIGN_STYLE = Automatic;
				DEVELOPMENT_TEAM = 3865YC2YEY;
				ENABLE_HARDENED_RUNTIME = YES;
				INFOPLIST_FILE = "Alert Widget/Info.plist";
				LD_RUNPATH_SEARCH_PATHS = (
					"$(inherited)",
					"@executable_path/../Frameworks",
					"@executable_path/../../../../Frameworks",
				);
				MACOSX_DEPLOYMENT_TARGET = 11.0;
				PRODUCT_BUNDLE_IDENTIFIER = "com.alexanderrohrig.fishcamp.Alert-Widget";
				PRODUCT_NAME = "$(TARGET_NAME)";
				SKIP_INSTALL = YES;
				SWIFT_VERSION = 5.0;
			};
			name = Release;
		};
/* End XCBuildConfiguration section */

/* Begin XCConfigurationList section */
		081EBBBD254F4B6E009BB667 /* Build configuration list for PBXProject "fishcamp" */ = {
			isa = XCConfigurationList;
			buildConfigurations = (
				081EBBD3254F4B71009BB667 /* Debug */,
				081EBBD4254F4B71009BB667 /* Release */,
			);
			defaultConfigurationIsVisible = 0;
			defaultConfigurationName = Release;
		};
		081EBBD5254F4B71009BB667 /* Build configuration list for PBXNativeTarget "fishcamp" */ = {
			isa = XCConfigurationList;
			buildConfigurations = (
				081EBBD6254F4B71009BB667 /* Debug */,
				081EBBD7254F4B71009BB667 /* Release */,
			);
			defaultConfigurationIsVisible = 0;
			defaultConfigurationName = Release;
		};
		088E59F4255E3C1600B4D0B0 /* Build configuration list for PBXNativeTarget "Alert WidgetExtension" */ = {
			isa = XCConfigurationList;
			buildConfigurations = (
				088E59F5255E3C1600B4D0B0 /* Debug */,
				088E59F6255E3C1600B4D0B0 /* Release */,
			);
			defaultConfigurationIsVisible = 0;
			defaultConfigurationName = Release;
		};
/* End XCConfigurationList section */
	};
	rootObject = 081EBBBA254F4B6E009BB667 /* Project object */;
}
